
Microsoft Visual Studio Solution File, Format Version 12.00
# Visual Studio Version 17
VisualStudioVersion = 17.7.34024.191
MinimumVisualStudioVersion = 10.0.40219.1
Project("{FAE04EC0-301F-11D3-BF4B-00C04F79EFBC}") = "Projeto_Final", "Projeto_Final\Projeto_Final.csproj", "{F9FF402E-29CF-43F7-A4E4-D2C49B3315B5}"
EndProject
Global
	GlobalSection(SolutionConfigurationPlatforms) = preSolution
		Debug|Any CPU = Debug|Any CPU
		Release|Any CPU = Release|Any CPU
	EndGlobalSection
	GlobalSection(ProjectConfigurationPlatforms) = postSolution
		{F9FF402E-29CF-43F7-A4E4-D2C49B3315B5}.Debug|Any CPU.ActiveCfg = Debug|Any CPU
		{F9FF402E-29CF-43F7-A4E4-D2C49B3315B5}.Debug|Any CPU.Build.0 = Debug|Any CPU
		{F9FF402E-29CF-43F7-A4E4-D2C49B3315B5}.Release|Any CPU.ActiveCfg = Release|Any CPU
		{F9FF402E-29CF-43F7-A4E4-D2C49B3315B5}.Release|Any CPU.Build.0 = Release|Any CPU
	EndGlobalSection
	GlobalSection(SolutionProperties) = preSolution
		HideSolutionNode = FALSE
	EndGlobalSection
	GlobalSection(ExtensibilityGlobals) = postSolution
		SolutionGuid = {D7FBCFF6-DDBE-4E28-826F-09A521D3A061}
	EndGlobalSection
EndGlobal
